{
    "requires": true,
    "lockfileVersion": 1,
    "dependencies": {
        "webcamjs": {
            "version": "1.0.26",
            "resolved": "https://registry.npmjs.org/webcamjs/-/webcamjs-1.0.26.tgz",
            "integrity": "sha512-ruUdzb7MV4QUxO1TfIdAjzeEhB8+Y1GY6HhQTytij+rB98972XZ+mbMUGrjBvWRb975loKjqgELdYjVNMNRfFQ=="
        },
        "webcodecamjs": {
            "version": "2.0.5",
            "resolved": "https://registry.npmjs.org/webcodecamjs/-/webcodecamjs-2.0.5.tgz",
            "integrity": "sha512-omDRpfqBpeoDiey6iUbPR7KXnotQVvhE27tNltfK8CWAHQL7s/jD6fcIwCqRpS4sdUyuRmY2hS7y4Ids2MpAPw=="
        }
    }
}
